// !$*UTF8*$!
{
	archiveVersion = 1;
	classes = {
	};
	objectVersion = 46;
	objects = {

/* Begin PBXBuildFile section */
		EF489CE41D800DE0005133C3 /* main.m in Sources */ = {isa = PBXBuildFile; fileRef = EF489CE31D800DE0005133C3 /* main.m */; };
		EF489CE71D800DE0005133C3 /* AppDelegate.m in Sources */ = {isa = PBXBuildFile; fileRef = EF489CE61D800DE0005133C3 /* AppDelegate.m */; };
		EF489CEA1D800DE0005133C3 /* ViewController.m in Sources */ = {isa = PBXBuildFile; fileRef = EF489CE91D800DE0005133C3 /* ViewController.m */; };
		EF489CED1D800DE0005133C3 /* Main.storyboard in Resources */ = {isa = PBXBuildFile; fileRef = EF489CEB1D800DE0005133C3 /* Main.storyboard */; };
		EF489CEF1D800DE0005133C3 /* Assets.xcassets in Resources */ = {isa = PBXBuildFile; fileRef = EF489CEE1D800DE0005133C3 /* Assets.xcassets */; };
		EF489CF21D800DE0005133C3 /* LaunchScreen.storyboard in Resources */ = {isa = PBXBuildFile; fileRef = EF489CF01D800DE0005133C3 /* LaunchScreen.storyboard */; };
		EF489CFD1D800DE0005133C3 /* ZGMixedImageAndTextTests.m in Sources */ = {isa = PBXBuildFile; fileRef = EF489CFC1D800DE0005133C3 /* ZGMixedImageAndTextTests.m */; };
		EF489D081D800DE0005133C3 /* ZGMixedImageAndTextUITests.m in Sources */ = {isa = PBXBuildFile; fileRef = EF489D071D800DE0005133C3 /* ZGMixedImageAndTextUITests.m */; };
		EF489D191D800E13005133C3 /* ZGLabel.m in Sources */ = {isa = PBXBuildFile; fileRef = EF489D181D800E13005133C3 /* ZGLabel.m */; };
		EFD59D581D83F4E7006119A5 /* LinkView.m in Sources */ = {isa = PBXBuildFile; fileRef = EFD59D571D83F4E7006119A5 /* LinkView.m */; settings = {ASSET_TAGS = (); }; };
/* End PBXBuildFile section */

/* Begin PBXContainerItemProxy section */
		EF489CF91D800DE0005133C3 /* PBXContainerItemProxy */ = {
			isa = PBXContainerItemProxy;
			containerPortal = EF489CD71D800DE0005133C3 /* Project object */;
			proxyType = 1;
			remoteGlobalIDString = EF489CDE1D800DE0005133C3;
			remoteInfo = ZGMixedImageAndText;
		};
		EF489D041D800DE0005133C3 /* PBXContainerItemProxy */ = {
			isa = PBXContainerItemProxy;
			containerPortal = EF489CD71D800DE0005133C3 /* Project object */;
			proxyType = 1;
			remoteGlobalIDString = EF489CDE1D800DE0005133C3;
			remoteInfo = ZGMixedImageAndText;
		};
/* End PBXContainerItemProxy section */

/* Begin PBXFileReference section */
		EF489CDF1D800DE0005133C3 /* ZGMixedImageAndText.app */ = {isa = PBXFileReference; explicitFileType = wrapper.application; includeInIndex = 0; path = ZGMixedImageAndText.app; sourceTree = BUILT_PRODUCTS_DIR; };
		EF489CE31D800DE0005133C3 /* main.m */ = {isa = PBXFileReference; lastKnownFileType = sourcecode.c.objc; path = main.m; sourceTree = "<group>"; };
		EF489CE51D800DE0005133C3 /* AppDelegate.h */ = {isa = PBXFileReference; lastKnownFileType = sourcecode.c.h; path = AppDelegate.h; sourceTree = "<group>"; };
		EF489CE61D800DE0005133C3 /* AppDelegate.m */ = {isa = PBXFileReference; lastKnownFileType = sourcecode.c.objc; path = AppDelegate.m; sourceTree = "<group>"; };
		EF489CE81D800DE0005133C3 /* ViewController.h */ = {isa = PBXFileReference; lastKnownFileType = sourcecode.c.h; path = ViewController.h; sourceTree = "<group>"; };
		EF489CE91D800DE0005133C3 /* ViewController.m */ = {isa = PBXFileReference; lastKnownFileType = sourcecode.c.objc; path = ViewController.m; sourceTree = "<group>"; };
		EF489CEC1D800DE0005133C3 /* Base */ = {isa = PBXFileReference; lastKnownFileType = file.storyboard; name = Base; path = Base.lproj/Main.storyboard; sourceTree = "<group>"; };
		EF489CEE1D800DE0005133C3 /* Assets.xcassets */ = {isa = PBXFileReference; lastKnownFileType = folder.assetcatalog; path = Assets.xcassets; sourceTree = "<group>"; };
		EF489CF11D800DE0005133C3 /* Base */ = {isa = PBXFileReference; lastKnownFileType = file.storyboard; name = Base; path = Base.lproj/LaunchScreen.storyboard; sourceTree = "<group>"; };
		EF489CF31D800DE0005133C3 /* Info.plist */ = {isa = PBXFileReference; lastKnownFileType = text.plist.xml; path = Info.plist; sourceTree = "<group>"; };
		EF489CF81D800DE0005133C3 /* ZGMixedImageAndTextTests.xctest */ = {isa = PBXFileReference; explicitFileType = wrapper.cfbundle; includeInIndex = 0; path = ZGMixedImageAndTextTests.xctest; sourceTree = BUILT_PRODUCTS_DIR; };
		EF489CFC1D800DE0005133C3 /* ZGMixedImageAndTextTests.m */ = {isa = PBXFileReference; lastKnownFileType = sourcecode.c.objc; path = ZGMixedImageAndTextTests.m; sourceTree = "<group>"; };
		EF489CFE1D800DE0005133C3 /* Info.plist */ = {isa = PBXFileReference; lastKnownFileType = text.plist.xml; path = Info.plist; sourceTree = "<group>"; };
		EF489D031D800DE0005133C3 /* ZGMixedImageAndTextUITests.xctest */ = {isa = PBXFileReference; explicitFileType = wrapper.cfbundle; includeInIndex = 0; path = ZGMixedImageAndTextUITests.xctest; sourceTree = BUILT_PRODUCTS_DIR; };
		EF489D071D800DE0005133C3 /* ZGMixedImageAndTextUITests.m */ = {isa = PBXFileReference; lastKnownFileType = sourcecode.c.objc; path = ZGMixedImageAndTextUITests.m; sourceTree = "<group>"; };
		EF489D091D800DE0005133C3 /* Info.plist */ = {isa = PBXFileReference; lastKnownFileType = text.plist.xml; path = Info.plist; sourceTree = "<group>"; };
		EF489D171D800E13005133C3 /* ZGLabel.h */ = {isa = PBXFileReference; fileEncoding = 4; lastKnownFileType = sourcecode.c.h; path = ZGLabel.h; sourceTree = "<group>"; };
		EF489D181D800E13005133C3 /* ZGLabel.m */ = {isa = PBXFileReference; fileEncoding = 4; lastKnownFileType = sourcecode.c.objc; path = ZGLabel.m; sourceTree = "<group>"; };
		EFD59D561D83F4E7006119A5 /* LinkView.h */ = {isa = PBXFileReference; fileEncoding = 4; lastKnownFileType = sourcecode.c.h; path = LinkView.h; sourceTree = "<group>"; };
		EFD59D571D83F4E7006119A5 /* LinkView.m */ = {isa = PBXFileReference; fileEncoding = 4; lastKnownFileType = sourcecode.c.objc; path = LinkView.m; sourceTree = "<group>"; };
/* End PBXFileReference section */

/* Begin PBXFrameworksBuildPhase section */
		EF489CDC1D800DE0005133C3 /* Frameworks */ = {
			isa = PBXFrameworksBuildPhase;
			buildActionMask = 2147483647;
			files = (
			);
			runOnlyForDeploymentPostprocessing = 0;
		};
		EF489CF51D800DE0005133C3 /* Frameworks */ = {
			isa = PBXFrameworksBuildPhase;
			buildActionMask = 2147483647;
			files = (
			);
			runOnlyForDeploymentPostprocessing = 0;
		};
		EF489D001D800DE0005133C3 /* Frameworks */ = {
			isa = PBXFrameworksBuildPhase;
			buildActionMask = 2147483647;
			files = (
			);
			runOnlyForDeploymentPostprocessing = 0;
		};
/* End PBXFrameworksBuildPhase section */

/* Begin PBXGroup section */
		EF489CD61D800DE0005133C3 = {
			isa = PBXGroup;
			children = (
				EF489CE11D800DE0005133C3 /* ZGMixedImageAndText */,
				EF489CFB1D800DE0005133C3 /* ZGMixedImageAndTextTests */,
				EF489D061D800DE0005133C3 /* ZGMixedImageAndTextUITests */,
				EF489CE01D800DE0005133C3 /* Products */,
			);
			sourceTree = "<group>";
		};
		EF489CE01D800DE0005133C3 /* Products */ = {
			isa = PBXGroup;
			children = (
				EF489CDF1D800DE0005133C3 /* ZGMixedImageAndText.app */,
				EF489CF81D800DE0005133C3 /* ZGMixedImageAndTextTests.xctest */,
				EF489D031D800DE0005133C3 /* ZGMixedImageAndTextUITests.xctest */,
			);
			name = Products;
			sourceTree = "<group>";
		};
		EF489CE11D800DE0005133C3 /* ZGMixedImageAndText */ = {
			isa = PBXGroup;
			children = (
				EF489D151D800E13005133C3 /* ZGLabel */,
				EF489CE51D800DE0005133C3 /* AppDelegate.h */,
				EF489CE61D800DE0005133C3 /* AppDelegate.m */,
				EF489CE81D800DE0005133C3 /* ViewController.h */,
				EF489CE91D800DE0005133C3 /* ViewController.m */,
				EF489CEB1D800DE0005133C3 /* Main.storyboard */,
				EF489CEE1D800DE0005133C3 /* Assets.xcassets */,
				EF489CF01D800DE0005133C3 /* LaunchScreen.storyboard */,
				EF489CF31D800DE0005133C3 /* Info.plist */,
				EF489CE21D800DE0005133C3 /* Supporting Files */,
			);
			path = ZGMixedImageAndText;
			sourceTree = "<group>";
		};
		EF489CE21D800DE0005133C3 /* Supporting Files */ = {
			isa = PBXGroup;
			children = (
				EF489CE31D800DE0005133C3 /* main.m */,
			);
			name = "Supporting Files";
			sourceTree = "<group>";
		};
		EF489CFB1D800DE0005133C3 /* ZGMixedImageAndTextTests */ = {
			isa = PBXGroup;
			children = (
				EF489CFC1D800DE0005133C3 /* ZGMixedImageAndTextTests.m */,
				EF489CFE1D800DE0005133C3 /* Info.plist */,
			);
			path = ZGMixedImageAndTextTests;
			sourceTree = "<group>";
		};
		EF489D061D800DE0005133C3 /* ZGMixedImageAndTextUITests */ = {
			isa = PBXGroup;
			children = (
				EF489D071D800DE0005133C3 /* ZGMixedImageAndTextUITests.m */,
				EF489D091D800DE0005133C3 /* Info.plist */,
			);
			path = ZGMixedImageAndTextUITests;
			sourceTree = "<group>";
		};
		EF489D151D800E13005133C3 /* ZGLabel */ = {
			isa = PBXGroup;
			children = (
				EF489D161D800E13005133C3 /* View */,
			);
			path = ZGLabel;
			sourceTree = "<group>";
		};
		EF489D161D800E13005133C3 /* View */ = {
			isa = PBXGroup;
			children = (
				EF489D171D800E13005133C3 /* ZGLabel.h */,
				EF489D181D800E13005133C3 /* ZGLabel.m */,
				EFD59D561D83F4E7006119A5 /* LinkView.h */,
				EFD59D571D83F4E7006119A5 /* LinkView.m */,
			);
			path = View;
			sourceTree = "<group>";
		};
/* End PBXGroup section */

/* Begin PBXNativeTarget section */
		EF489CDE1D800DE0005133C3 /* ZGMixedImageAndText */ = {
			isa = PBXNativeTarget;
			buildConfigurationList = EF489D0C1D800DE0005133C3 /* Build configuration list for PBXNativeTarget "ZGMixedImageAndText" */;
			buildPhases = (
				EF489CDB1D800DE0005133C3 /* Sources */,
				EF489CDC1D800DE0005133C3 /* Frameworks */,
				EF489CDD1D800DE0005133C3 /* Resources */,
			);
			buildRules = (
			);
			dependencies = (
			);
			name = ZGMixedImageAndText;
			productName = ZGMixedImageAndText;
			productReference = EF489CDF1D800DE0005133C3 /* ZGMixedImageAndText.app */;
			productType = "com.apple.product-type.application";
		};
		EF489CF71D800DE0005133C3 /* ZGMixedImageAndTextTests */ = {
			isa = PBXNativeTarget;
			buildConfigurationList = EF489D0F1D800DE0005133C3 /* Build configuration list for PBXNativeTarget "ZGMixedImageAndTextTests" */;
			buildPhases = (
				EF489CF41D800DE0005133C3 /* Sources */,
				EF489CF51D800DE0005133C3 /* Frameworks */,
				EF489CF61D800DE0005133C3 /* Resources */,
			);
			buildRules = (
			);
			dependencies = (
				EF489CFA1D800DE0005133C3 /* PBXTargetDependency */,
			);
			name = ZGMixedImageAndTextTests;
			productName = ZGMixedImageAndTextTests;
			productReference = EF489CF81D800DE0005133C3 /* ZGMixedImageAndTextTests.xctest */;
			productType = "com.apple.product-type.bundle.unit-test";
		};
		EF489D021D800DE0005133C3 /* ZGMixedImageAndTextUITests */ = {
			isa = PBXNativeTarget;
			buildConfigurationList = EF489D121D800DE0005133C3 /* Build configuration list for PBXNativeTarget "ZGMixedImageAndTextUITests" */;
			buildPhases = (
				EF489CFF1D800DE0005133C3 /* Sources */,
				EF489D001D800DE0005133C3 /* Frameworks */,
				EF489D011D800DE0005133C3 /* Resources */,
			);
			buildRules = (
			);
			dependencies = (
				EF489D051D800DE0005133C3 /* PBXTargetDependency */,
			);
			name = ZGMixedImageAndTextUITests;
			productName = ZGMixedImageAndTextUITests;
			productReference = EF489D031D800DE0005133C3 /* ZGMixedImageAndTextUITests.xctest */;
			productType = "com.apple.product-type.bundle.ui-testing";
		};
/* End PBXNativeTarget section */

/* Begin PBXProject section */
		EF489CD71D800DE0005133C3 /* Project object */ = {
			isa = PBXProject;
			attributes = {
				LastUpgradeCheck = 0730;
				ORGANIZATIONNAME = Zong;
				TargetAttributes = {
					EF489CDE1D800DE0005133C3 = {
						CreatedOnToolsVersion = 7.3;
					};
					EF489CF71D800DE0005133C3 = {
						CreatedOnToolsVersion = 7.3;
						TestTargetID = EF489CDE1D800DE0005133C3;
					};
					EF489D021D800DE0005133C3 = {
						CreatedOnToolsVersion = 7.3;
						TestTargetID = EF489CDE1D800DE0005133C3;
					};
				};
			};
			buildConfigurationList = EF489CDA1D800DE0005133C3 /* Build configuration list for PBXProject "ZGMixedImageAndText" */;
			compatibilityVersion = "Xcode 3.2";
			developmentRegion = English;
			hasScannedForEncodings = 0;
			knownRegions = (
				en,
				Base,
			);
			mainGroup = EF489CD61D800DE0005133C3;
			productRefGroup = EF489CE01D800DE0005133C3 /* Products */;
			projectDirPath = "";
			projectRoot = "";
			targets = (
				EF489CDE1D800DE0005133C3 /* ZGMixedImageAndText */,
				EF489CF71D800DE0005133C3 /* ZGMixedImageAndTextTests */,
				EF489D021D800DE0005133C3 /* ZGMixedImageAndTextUITests */,
			);
		};
/* End PBXProject section */

/* Begin PBXResourcesBuildPhase section */
		EF489CDD1D800DE0005133C3 /* Resources */ = {
			isa = PBXResourcesBuildPhase;
			buildActionMask = 2147483647;
			files = (
				EF489CF21D800DE0005133C3 /* LaunchScreen.storyboard in Resources */,
				EF489CEF1D800DE0005133C3 /* Assets.xcassets in Resources */,
				EF489CED1D800DE0005133C3 /* Main.storyboard in Resources */,
			);
			runOnlyForDeploymentPostprocessing = 0;
		};
		EF489CF61D800DE0005133C3 /* Resources */ = {
			isa = PBXResourcesBuildPhase;
			buildActionMask = 2147483647;
			files = (
			);
			runOnlyForDeploymentPostprocessing = 0;
		};
		EF489D011D800DE0005133C3 /* Resources */ = {
			isa = PBXResourcesBuildPhase;
			buildActionMask = 2147483647;
			files = (
			);
			runOnlyForDeploymentPostprocessing = 0;
		};
/* End PBXResourcesBuildPhase section */

/* Begin PBXSourcesBuildPhase section */
		EF489CDB1D800DE0005133C3 /* Sources */ = {
			isa = PBXSourcesBuildPhase;
			buildActionMask = 2147483647;
			files = (
				EF489CEA1D800DE0005133C3 /* ViewController.m in Sources */,
				EF489D191D800E13005133C3 /* ZGLabel.m in Sources */,
				EF489CE71D800DE0005133C3 /* AppDelegate.m in Sources */,
				EF489CE41D800DE0005133C3 /* main.m in Sources */,
				EFD59D581D83F4E7006119A5 /* LinkView.m in Sources */,
			);
			runOnlyForDeploymentPostprocessing = 0;
		};
		EF489CF41D800DE0005133C3 /* Sources */ = {
			isa = PBXSourcesBuildPhase;
			buildActionMask = 2147483647;
			files = (
				EF489CFD1D800DE0005133C3 /* ZGMixedImageAndTextTests.m in Sources */,
			);
			runOnlyForDeploymentPostprocessing = 0;
		};
		EF489CFF1D800DE0005133C3 /* Sources */ = {
			isa = PBXSourcesBuildPhase;
			buildActionMask = 2147483647;
			files = (
				EF489D081D800DE0005133C3 /* ZGMixedImageAndTextUITests.m in Sources */,
			);
			runOnlyForDeploymentPostprocessing = 0;
		};
/* End PBXSourcesBuildPhase section */

/* Begin PBXTargetDependency section */
		EF489CFA1D800DE0005133C3 /* PBXTargetDependency */ = {
			isa = PBXTargetDependency;
			target = EF489CDE1D800DE0005133C3 /* ZGMixedImageAndText */;
			targetProxy = EF489CF91D800DE0005133C3 /* PBXContainerItemProxy */;
		};
		EF489D051D800DE0005133C3 /* PBXTargetDependency */ = {
			isa = PBXTargetDependency;
			target = EF489CDE1D800DE0005133C3 /* ZGMixedImageAndText */;
			targetProxy = EF489D041D800DE0005133C3 /* PBXContainerItemProxy */;
		};
/* End PBXTargetDependency section */

/* Begin PBXVariantGroup section */
		EF489CEB1D800DE0005133C3 /* Main.storyboard */ = {
			isa = PBXVariantGroup;
			children = (
				EF489CEC1D800DE0005133C3 /* Base */,
			);
			name = Main.storyboard;
			sourceTree = "<group>";
		};
		EF489CF01D800DE0005133C3 /* LaunchScreen.storyboard */ = {
			isa = PBXVariantGroup;
			children = (
				EF489CF11D800DE0005133C3 /* Base */,
			);
			name = LaunchScreen.storyboard;
			sourceTree = "<group>";
		};
/* End PBXVariantGroup section */

/* Begin XCBuildConfiguration section */
		EF489D0A1D800DE0005133C3 /* Debug */ = {
			isa = XCBuildConfiguration;
			buildSettings = {
				ALWAYS_SEARCH_USER_PATHS = NO;
				CLANG_ANALYZER_NONNULL = YES;
				CLANG_CXX_LANGUAGE_STANDARD = "gnu++0x";
				CLANG_CXX_LIBRARY = "libc++";
				CLANG_ENABLE_MODULES = YES;
				CLANG_ENABLE_OBJC_ARC = YES;
				CLANG_WARN_BOOL_CONVERSION = YES;
				CLANG_WARN_CONSTANT_CONVERSION = YES;
				CLANG_WARN_DIRECT_OBJC_ISA_USAGE = YES_ERROR;
				CLANG_WARN_EMPTY_BODY = YES;
				CLANG_WARN_ENUM_CONVERSION = YES;
				CLANG_WARN_INT_CONVERSION = YES;
				CLANG_WARN_OBJC_ROOT_CLASS = YES_ERROR;
				CLANG_WARN_UNREACHABLE_CODE = YES;
				CLANG_WARN__DUPLICATE_METHOD_MATCH = YES;
				"CODE_SIGN_IDENTITY[sdk=iphoneos*]" = "iPhone Developer";
				COPY_PHASE_STRIP = NO;
				DEBUG_INFORMATION_FORMAT = dwarf;
				ENABLE_STRICT_OBJC_MSGSEND = YES;
				ENABLE_TESTABILITY = YES;
				GCC_C_LANGUAGE_STANDARD = gnu99;
				GCC_DYNAMIC_NO_PIC = NO;
				GCC_NO_COMMON_BLOCKS = YES;
				GCC_OPTIMIZATION_LEVEL = 0;
				GCC_PREPROCESSOR_DEFINITIONS = (
					"DEBUG=1",
					"$(inherited)",
				);
				GCC_WARN_64_TO_32_BIT_CONVERSION = YES;
				GCC_WARN_ABOUT_RETURN_TYPE = YES_ERROR;
				GCC_WARN_UNDECLARED_SELECTOR = YES;
				GCC_WARN_UNINITIALIZED_AUTOS = YES_AGGRESSIVE;
				GCC_WARN_UNUSED_FUNCTION = YES;
				GCC_WARN_UNUSED_VARIABLE = YES;
				IPHONEOS_DEPLOYMENT_TARGET = 9.3;
				MTL_ENABLE_DEBUG_INFO = YES;
				ONLY_ACTIVE_ARCH = YES;
				SDKROOT = iphoneos;
				TARGETED_DEVICE_FAMILY = "1,2";
			};
			name = Debug;
		};
		EF489D0B1D800DE0005133C3 /* Release */ = {
			isa = XCBuildConfiguration;
			buildSettings = {
				ALWAYS_SEARCH_USER_PATHS = NO;
				CLANG_ANALYZER_NONNULL = YES;
				CLANG_CXX_LANGUAGE_STANDARD = "gnu++0x";
				CLANG_CXX_LIBRARY = "libc++";
				CLANG_ENABLE_MODULES = YES;
				CLANG_ENABLE_OBJC_ARC = YES;
				CLANG_WARN_BOOL_CONVERSION = YES;
				CLANG_WARN_CONSTANT_CONVERSION = YES;
				CLANG_WARN_DIRECT_OBJC_ISA_USAGE = YES_ERROR;
				CLANG_WARN_EMPTY_BODY = YES;
				CLANG_WARN_ENUM_CONVERSION = YES;
				CLANG_WARN_INT_CONVERSION = YES;
				CLANG_WARN_OBJC_ROOT_CLASS = YES_ERROR;
				CLANG_WARN_UNREACHABLE_CODE = YES;
				CLANG_WARN__DUPLICATE_METHOD_MATCH = YES;
				"CODE_SIGN_IDENTITY[sdk=iphoneos*]" = "iPhone Developer";
				COPY_PHASE_STRIP = NO;
				DEBUG_INFORMATION_FORMAT = "dwarf-with-dsym";
				ENABLE_NS_ASSERTIONS = NO;
				ENABLE_STRICT_OBJC_MSGSEND = YES;
				GCC_C_LANGUAGE_STANDARD = gnu99;
				GCC_NO_COMMON_BLOCKS = YES;
				GCC_WARN_64_TO_32_BIT_CONVERSION = YES;
				GCC_WARN_ABOUT_RETURN_TYPE = YES_ERROR;
				GCC_WARN_UNDECLARED_SELECTOR = YES;
				GCC_WARN_UNINITIALIZED_AUTOS = YES_AGGRESSIVE;
				GCC_WARN_UNUSED_FUNCTION = YES;
				GCC_WARN_UNUSED_VARIABLE = YES;
				IPHONEOS_DEPLOYMENT_TARGET = 9.3;
				MTL_ENABLE_DEBUG_INFO = NO;
				SDKROOT = iphoneos;
				TARGETED_DEVICE_FAMILY = "1,2";
				VALIDATE_PRODUCT = YES;
			};
			name = Release;
		};
		EF489D0D1D800DE0005133C3 /* Debug */ = {
			isa = XCBuildConfiguration;
			buildSettings = {
				ASSETCATALOG_COMPILER_APPICON_NAME = AppIcon;
				INFOPLIST_FILE = ZGMixedImageAndText/Info.plist;
				IPHONEOS_DEPLOYMENT_TARGET = 7.0;
				LD_RUNPATH_SEARCH_PATHS = "$(inherited) @executable_path/Frameworks";
				PRODUCT_BUNDLE_IDENTIFIER = com.Zong.ZGMixedImageAndText;
				PRODUCT_NAME = "$(TARGET_NAME)";
			};
			name = Debug;
		};
		EF489D0E1D800DE0005133C3 /* Release */ = {
			isa = XCBuildConfiguration;
			buildSettings = {
				ASSETCATALOG_COMPILER_APPICON_NAME = AppIcon;
				INFOPLIST_FILE = ZGMixedImageAndText/Info.plist;
				IPHONEOS_DEPLOYMENT_TARGET = 7.0;
				LD_RUNPATH_SEARCH_PATHS = "$(inherited) @executable_path/Frameworks";
				PRODUCT_BUNDLE_IDENTIFIER = com.Zong.ZGMixedImageAndText;
				PRODUCT_NAME = "$(TARGET_NAME)";
			};
			name = Release;
		};
		EF489D101D800DE0005133C3 /* Debug */ = {
			isa = XCBuildConfiguration;
			buildSettings = {
				BUNDLE_LOADER = "$(TEST_HOST)";
				INFOPLIST_FILE = ZGMixedImageAndTextTests/Info.plist;
				LD_RUNPATH_SEARCH_PATHS = "$(inherited) @executable_path/Frameworks @loader_path/Frameworks";
				PRODUCT_BUNDLE_IDENTIFIER = com.Zong.ZGMixedImageAndTextTests;
				PRODUCT_NAME = "$(TARGET_NAME)";
				TEST_HOST = "$(BUILT_PRODUCTS_DIR)/ZGMixedImageAndText.app/ZGMixedImageAndText";
			};
			name = Debug;
		};
		EF489D111D800DE0005133C3 /* Release */ = {
			isa = XCBuildConfiguration;
			buildSettings = {
				BUNDLE_LOADER = "$(TEST_HOST)";
				INFOPLIST_FILE = ZGMixedImageAndTextTests/Info.plist;
				LD_RUNPATH_SEARCH_PATHS = "$(inherited) @executable_path/Frameworks @loader_path/Frameworks";
				PRODUCT_BUNDLE_IDENTIFIER = com.Zong.ZGMixedImageAndTextTests;
				PRODUCT_NAME = "$(TARGET_NAME)";
				TEST_HOST = "$(BUILT_PRODUCTS_DIR)/ZGMixedImageAndText.app/ZGMixedImageAndText";
			};
			name = Release;
		};
		EF489D131D800DE0005133C3 /* Debug */ = {
			isa = XCBuildConfiguration;
			buildSettings = {
				INFOPLIST_FILE = ZGMixedImageAndTextUITests/Info.plist;
				LD_RUNPATH_SEARCH_PATHS = "$(inherited) @executable_path/Frameworks @loader_path/Frameworks";
				PRODUCT_BUNDLE_IDENTIFIER = com.Zong.ZGMixedImageAndTextUITests;
				PRODUCT_NAME = "$(TARGET_NAME)";
				TEST_TARGET_NAME = ZGMixedImageAndText;
			};
			name = Debug;
		};
		EF489D141D800DE0005133C3 /* Release */ = {
			isa = XCBuildConfiguration;
			buildSettings = {
				INFOPLIST_FILE = ZGMixedImageAndTextUITests/Info.plist;
				LD_RUNPATH_SEARCH_PATHS = "$(inherited) @executable_path/Frameworks @loader_path/Frameworks";
				PRODUCT_BUNDLE_IDENTIFIER = com.Zong.ZGMixedImageAndTextUITests;
				PRODUCT_NAME = "$(TARGET_NAME)";
				TEST_TARGET_NAME = ZGMixedImageAndText;
			};
			name = Release;
		};
/* End XCBuildConfiguration section */

/* Begin XCConfigurationList section */
		EF489CDA1D800DE0005133C3 /* Build configuration list for PBXProject "ZGMixedImageAndText" */ = {
			isa = XCConfigurationList;
			buildConfigurations = (
				EF489D0A1D800DE0005133C3 /* Debug */,
				EF489D0B1D800DE0005133C3 /* Release */,
			);
			defaultConfigurationIsVisible = 0;
			defaultConfigurationName = Release;
		};
		EF489D0C1D800DE0005133C3 /* Build configuration list for PBXNativeTarget "ZGMixedImageAndText" */ = {
			isa = XCConfigurationList;
			buildConfigurations = (
				EF489D0D1D800DE0005133C3 /* Debug */,
				EF489D0E1D800DE0005133C3 /* Release */,
			);
			defaultConfigurationIsVisible = 0;
			defaultConfigurationName = Release;
		};
		EF489D0F1D800DE0005133C3 /* Build configuration list for PBXNativeTarget "ZGMixedImageAndTextTests" */ = {
			isa = XCConfigurationList;
			buildConfigurations = (
				EF489D101D800DE0005133C3 /* Debug */,
				EF489D111D800DE0005133C3 /* Release */,
			);
			defaultConfigurationIsVisible = 0;
			defaultConfigurationName = Release;
		};
		EF489D121D800DE0005133C3 /* Build configuration list for PBXNativeTarget "ZGMixedImageAndTextUITests" */ = {
			isa = XCConfigurationList;
			buildConfigurations = (
				EF489D131D800DE0005133C3 /* Debug */,
				EF489D141D800DE0005133C3 /* Release */,
			);
			defaultConfigurationIsVisible = 0;
			defaultConfigurationName = Release;
		};
/* End XCConfigurationList section */
	};
	rootObject = EF489CD71D800DE0005133C3 /* Project object */;
}
